// !$*UTF8*$!
{
	archiveVersion = 1;
	classes = {
	};
	objectVersion = 46;
	objects = {

/* Begin PBXBuildFile section */
		691E30C91E6F4995006CC2E7 /* ProjectViewController.m in Sources */ = {isa = PBXBuildFile; fileRef = 691E30C81E6F4995006CC2E7 /* ProjectViewController.m */; };
		691E30CC1E6F49C7006CC2E7 /* ProjectCell.m in Sources */ = {isa = PBXBuildFile; fileRef = 691E30CB1E6F49C7006CC2E7 /* ProjectCell.m */; };
		69213ABB1E73449700FE61B0 /* row-reorder.png in Resources */ = {isa = PBXBuildFile; fileRef = 69213ABA1E73449700FE61B0 /* row-reorder.png */; };
		6929CCCF1E5891FB0073ED11 /* ProfileViewController.m in Sources */ = {isa = PBXBuildFile; fileRef = 6929CCCE1E5891FB0073ED11 /* ProfileViewController.m */; };
		69573A171E6D6FDF00235637 /* ProjectInfo.m in Sources */ = {isa = PBXBuildFile; fileRef = 69573A161E6D6FDF00235637 /* ProjectInfo.m */; };
		69573A231E6D9F7200235637 /* Projects+CoreDataProperties.m in Sources */ = {isa = PBXBuildFile; fileRef = 69573A211E6D9F7200235637 /* Projects+CoreDataProperties.m */; };
		69C89FB71E53009800317983 /* main.m in Sources */ = {isa = PBXBuildFile; fileRef = 69C89FB61E53009800317983 /* main.m */; };
		69C89FBA1E53009800317983 /* AppDelegate.m in Sources */ = {isa = PBXBuildFile; fileRef = 69C89FB91E53009800317983 /* AppDelegate.m */; };
		69C89FC01E53009800317983 /* Main.storyboard in Resources */ = {isa = PBXBuildFile; fileRef = 69C89FBE1E53009800317983 /* Main.storyboard */; };
		69C89FC31E53009800317983 /* ProjectBudget.xcdatamodeld in Sources */ = {isa = PBXBuildFile; fileRef = 69C89FC11E53009800317983 /* ProjectBudget.xcdatamodeld */; };
		69C89FC51E53009800317983 /* Assets.xcassets in Resources */ = {isa = PBXBuildFile; fileRef = 69C89FC41E53009800317983 /* Assets.xcassets */; };
		69C89FC81E53009800317983 /* LaunchScreen.storyboard in Resources */ = {isa = PBXBuildFile; fileRef = 69C89FC61E53009800317983 /* LaunchScreen.storyboard */; };
		69C89FD81E5355E700317983 /* startViewController.m in Sources */ = {isa = PBXBuildFile; fileRef = 69C89FD71E5355E700317983 /* startViewController.m */; };
		8893798FB718F0E62D4EAF97 /* libPods-ProjectBudget.a in Frameworks */ = {isa = PBXBuildFile; fileRef = FCC12860A981645F7EDFACEA /* libPods-ProjectBudget.a */; };
/* End PBXBuildFile section */

/* Begin PBXFileReference section */
		2DA8FFB9A39125F3D121B40C /* Pods-ProjectBudget.debug.xcconfig */ = {isa = PBXFileReference; includeInIndex = 1; lastKnownFileType = text.xcconfig; name = "Pods-ProjectBudget.debug.xcconfig"; path = "Pods/Target Support Files/Pods-ProjectBudget/Pods-ProjectBudget.debug.xcconfig"; sourceTree = "<group>"; };
		664AAE7C023BB5FEE29FAFCD /* Pods-ProjectBudget.release.xcconfig */ = {isa = PBXFileReference; includeInIndex = 1; lastKnownFileType = text.xcconfig; name = "Pods-ProjectBudget.release.xcconfig"; path = "Pods/Target Support Files/Pods-ProjectBudget/Pods-ProjectBudget.release.xcconfig"; sourceTree = "<group>"; };
		691E30C71E6F4995006CC2E7 /* ProjectViewController.h */ = {isa = PBXFileReference; fileEncoding = 4; lastKnownFileType = sourcecode.c.h; name = ProjectViewController.h; path = ProjectModel/ProjectViewController.h; sourceTree = "<group>"; };
		691E30C81E6F4995006CC2E7 /* ProjectViewController.m */ = {isa = PBXFileReference; fileEncoding = 4; lastKnownFileType = sourcecode.c.objc; name = ProjectViewController.m; path = ProjectModel/ProjectViewController.m; sourceTree = "<group>"; };
		691E30CA1E6F49C7006CC2E7 /* ProjectCell.h */ = {isa = PBXFileReference; fileEncoding = 4; lastKnownFileType = sourcecode.c.h; name = ProjectCell.h; path = ProjectModel/ProjectCell.h; sourceTree = "<group>"; };
		691E30CB1E6F49C7006CC2E7 /* ProjectCell.m */ = {isa = PBXFileReference; fileEncoding = 4; lastKnownFileType = sourcecode.c.objc; name = ProjectCell.m; path = ProjectModel/ProjectCell.m; sourceTree = "<group>"; };
		69213ABA1E73449700FE61B0 /* row-reorder.png */ = {isa = PBXFileReference; lastKnownFileType = image.png; name = "row-reorder.png"; path = "resourse/row-reorder.png"; sourceTree = SOURCE_ROOT; };
		6929CCCD1E5891FB0073ED11 /* ProfileViewController.h */ = {isa = PBXFileReference; fileEncoding = 4; lastKnownFileType = sourcecode.c.h; name = ProfileViewController.h; path = UserProfile/ProfileViewController.h; sourceTree = "<group>"; };
		6929CCCE1E5891FB0073ED11 /* ProfileViewController.m */ = {isa = PBXFileReference; fileEncoding = 4; lastKnownFileType = sourcecode.c.objc; name = ProfileViewController.m; path = UserProfile/ProfileViewController.m; sourceTree = "<group>"; };
		69573A151E6D6FDF00235637 /* ProjectInfo.h */ = {isa = PBXFileReference; fileEncoding = 4; lastKnownFileType = sourcecode.c.h; name = ProjectInfo.h; path = ProjectModel/ProjectInfo.h; sourceTree = "<group>"; };
		69573A161E6D6FDF00235637 /* ProjectInfo.m */ = {isa = PBXFileReference; fileEncoding = 4; lastKnownFileType = sourcecode.c.objc; name = ProjectInfo.m; path = ProjectModel/ProjectInfo.m; sourceTree = "<group>"; };
		69573A1E1E6D9F7200235637 /* Projects+CoreDataClass.h */ = {isa = PBXFileReference; fileEncoding = 4; lastKnownFileType = sourcecode.c.h; name = "Projects+CoreDataClass.h"; path = "Models/Projects+CoreDataClass.h"; sourceTree = "<group>"; };
		69573A1F1E6D9F7200235637 /* Projects+CoreDataClass.m */ = {isa = PBXFileReference; fileEncoding = 4; lastKnownFileType = sourcecode.c.objc; name = "Projects+CoreDataClass.m"; path = "Models/Projects+CoreDataClass.m"; sourceTree = "<group>"; };
		69573A201E6D9F7200235637 /* Projects+CoreDataProperties.h */ = {isa = PBXFileReference; fileEncoding = 4; lastKnownFileType = sourcecode.c.h; name = "Projects+CoreDataProperties.h"; path = "Models/Projects+CoreDataProperties.h"; sourceTree = "<group>"; };
		69573A211E6D9F7200235637 /* Projects+CoreDataProperties.m */ = {isa = PBXFileReference; fileEncoding = 4; lastKnownFileType = sourcecode.c.objc; name = "Projects+CoreDataProperties.m"; path = "Models/Projects+CoreDataProperties.m"; sourceTree = "<group>"; };
		69C89FB21E53009800317983 /* ProjectBudget.app */ = {isa = PBXFileReference; explicitFileType = wrapper.application; includeInIndex = 0; path = ProjectBudget.app; sourceTree = BUILT_PRODUCTS_DIR; };
		69C89FB61E53009800317983 /* main.m */ = {isa = PBXFileReference; lastKnownFileType = sourcecode.c.objc; path = main.m; sourceTree = "<group>"; };
		69C89FB81E53009800317983 /* AppDelegate.h */ = {isa = PBXFileReference; lastKnownFileType = sourcecode.c.h; path = AppDelegate.h; sourceTree = "<group>"; };
		69C89FB91E53009800317983 /* AppDelegate.m */ = {isa = PBXFileReference; lastKnownFileType = sourcecode.c.objc; path = AppDelegate.m; sourceTree = "<group>"; };
		69C89FBF1E53009800317983 /* Base */ = {isa = PBXFileReference; lastKnownFileType = file.storyboard; name = Base; path = Base.lproj/Main.storyboard; sourceTree = "<group>"; };
		69C89FC21E53009800317983 /* ProjectBudget.xcdatamodel */ = {isa = PBXFileReference; lastKnownFileType = wrapper.xcdatamodel; path = ProjectBudget.xcdatamodel; sourceTree = "<group>"; };
		69C89FC41E53009800317983 /* Assets.xcassets */ = {isa = PBXFileReference; lastKnownFileType = folder.assetcatalog; path = Assets.xcassets; sourceTree = "<group>"; };
		69C89FC71E53009800317983 /* Base */ = {isa = PBXFileReference; lastKnownFileType = file.storyboard; name = Base; path = Base.lproj/LaunchScreen.storyboard; sourceTree = "<group>"; };
		69C89FC91E53009800317983 /* Info.plist */ = {isa = PBXFileReference; lastKnownFileType = text.plist.xml; path = Info.plist; sourceTree = "<group>"; };
		69C89FD61E5355E700317983 /* startViewController.h */ = {isa = PBXFileReference; fileEncoding = 4; lastKnownFileType = sourcecode.c.h; name = startViewController.h; path = Autorization/startViewController.h; sourceTree = "<group>"; };
		69C89FD71E5355E700317983 /* startViewController.m */ = {isa = PBXFileReference; fileEncoding = 4; lastKnownFileType = sourcecode.c.objc; name = startViewController.m; path = Autorization/startViewController.m; sourceTree = "<group>"; };
		FCC12860A981645F7EDFACEA /* libPods-ProjectBudget.a */ = {isa = PBXFileReference; explicitFileType = archive.ar; includeInIndex = 0; path = "libPods-ProjectBudget.a"; sourceTree = BUILT_PRODUCTS_DIR; };
/* End PBXFileReference section */

/* Begin PBXFrameworksBuildPhase section */
		69C89FAF1E53009800317983 /* Frameworks */ = {
			isa = PBXFrameworksBuildPhase;
			buildActionMask = 2147483647;
			files = (
				8893798FB718F0E62D4EAF97 /* libPods-ProjectBudget.a in Frameworks */,
			);
			runOnlyForDeploymentPostprocessing = 0;
		};
/* End PBXFrameworksBuildPhase section */

/* Begin PBXGroup section */
		695739FF1E6B071300235637 /* Models */ = {
			isa = PBXGroup;
			children = (
				69573A1E1E6D9F7200235637 /* Projects+CoreDataClass.h */,
				69573A1F1E6D9F7200235637 /* Projects+CoreDataClass.m */,
				69573A201E6D9F7200235637 /* Projects+CoreDataProperties.h */,
				69573A211E6D9F7200235637 /* Projects+CoreDataProperties.m */,
			);
			name = Models;
			sourceTree = "<group>";
		};
		69C89FA91E53009700317983 = {
			isa = PBXGroup;
			children = (
				69C89FB41E53009800317983 /* ProjectBudget */,
				69C89FB31E53009800317983 /* Products */,
				AFB37DA90A21599AE93F9C49 /* Pods */,
				C348BF4383C1480F1B8BB6AE /* Frameworks */,
			);
			sourceTree = "<group>";
		};
		69C89FB31E53009800317983 /* Products */ = {
			isa = PBXGroup;
			children = (
				69C89FB21E53009800317983 /* ProjectBudget.app */,
			);
			name = Products;
			sourceTree = "<group>";
		};
		69C89FB41E53009800317983 /* ProjectBudget */ = {
			isa = PBXGroup;
			children = (
				695739FF1E6B071300235637 /* Models */,
				69C89FD51E53550400317983 /* AnalyticModel */,
				69C89FD41E5354F500317983 /* Settings */,
				69C89FD31E5354C000317983 /* UserProfile */,
				69C89FD21E53544400317983 /* ProjectModel */,
				69C89FD11E5353DE00317983 /* Autorization */,
				69C89FBE1E53009800317983 /* Main.storyboard */,
				69C89FC41E53009800317983 /* Assets.xcassets */,
				69C89FC61E53009800317983 /* LaunchScreen.storyboard */,
				69C89FC91E53009800317983 /* Info.plist */,
				69C89FC11E53009800317983 /* ProjectBudget.xcdatamodeld */,
				69C89FB51E53009800317983 /* Supporting Files */,
			);
			path = ProjectBudget;
			sourceTree = "<group>";
		};
		69C89FB51E53009800317983 /* Supporting Files */ = {
			isa = PBXGroup;
			children = (
				69213ABA1E73449700FE61B0 /* row-reorder.png */,
				69C89FB61E53009800317983 /* main.m */,
			);
			name = "Supporting Files";
			sourceTree = "<group>";
		};
		69C89FD11E5353DE00317983 /* Autorization */ = {
			isa = PBXGroup;
			children = (
				69C89FB81E53009800317983 /* AppDelegate.h */,
				69C89FB91E53009800317983 /* AppDelegate.m */,
				69C89FD61E5355E700317983 /* startViewController.h */,
				69C89FD71E5355E700317983 /* startViewController.m */,
			);
			name = Autorization;
			sourceTree = "<group>";
		};
		69C89FD21E53544400317983 /* ProjectModel */ = {
			isa = PBXGroup;
			children = (
				691E30C71E6F4995006CC2E7 /* ProjectViewController.h */,
				691E30C81E6F4995006CC2E7 /* ProjectViewController.m */,
				69573A151E6D6FDF00235637 /* ProjectInfo.h */,
				69573A161E6D6FDF00235637 /* ProjectInfo.m */,
				691E30CA1E6F49C7006CC2E7 /* ProjectCell.h */,
				691E30CB1E6F49C7006CC2E7 /* ProjectCell.m */,
			);
			name = ProjectModel;
			sourceTree = "<group>";
		};
		69C89FD31E5354C000317983 /* UserProfile */ = {
			isa = PBXGroup;
			children = (
				6929CCCD1E5891FB0073ED11 /* ProfileViewController.h */,
				6929CCCE1E5891FB0073ED11 /* ProfileViewController.m */,
			);
			name = UserProfile;
			sourceTree = "<group>";
		};
		69C89FD41E5354F500317983 /* Settings */ = {
			isa = PBXGroup;
			children = (
			);
			name = Settings;
			sourceTree = "<group>";
		};
		69C89FD51E53550400317983 /* AnalyticModel */ = {
			isa = PBXGroup;
			children = (
			);
			name = AnalyticModel;
			sourceTree = "<group>";
		};
		AFB37DA90A21599AE93F9C49 /* Pods */ = {
			isa = PBXGroup;
			children = (
				2DA8FFB9A39125F3D121B40C /* Pods-ProjectBudget.debug.xcconfig */,
				664AAE7C023BB5FEE29FAFCD /* Pods-ProjectBudget.release.xcconfig */,
			);
			name = Pods;
			sourceTree = "<group>";
		};
		C348BF4383C1480F1B8BB6AE /* Frameworks */ = {
			isa = PBXGroup;
			children = (
				FCC12860A981645F7EDFACEA /* libPods-ProjectBudget.a */,
			);
			name = Frameworks;
			sourceTree = "<group>";
		};
/* End PBXGroup section */

/* Begin PBXNativeTarget section */
		69C89FB11E53009800317983 /* ProjectBudget */ = {
			isa = PBXNativeTarget;
			buildConfigurationList = 69C89FCC1E53009800317983 /* Build configuration list for PBXNativeTarget "ProjectBudget" */;
			buildPhases = (
				BC0363A8ED299ECAC18816AE /* [CP] Check Pods Manifest.lock */,
				69C89FAE1E53009800317983 /* Sources */,
				69C89FAF1E53009800317983 /* Frameworks */,
				69C89FB01E53009800317983 /* Resources */,
				C71198E3A089730AFE946148 /* [CP] Embed Pods Frameworks */,
				6C5A842AF2BDE7AD9DA096B6 /* [CP] Copy Pods Resources */,
			);
			buildRules = (
			);
			dependencies = (
			);
			name = ProjectBudget;
			productName = ProjectBudget;
			productReference = 69C89FB21E53009800317983 /* ProjectBudget.app */;
			productType = "com.apple.product-type.application";
		};
/* End PBXNativeTarget section */

/* Begin PBXProject section */
		69C89FAA1E53009700317983 /* Project object */ = {
			isa = PBXProject;
			attributes = {
				LastUpgradeCheck = 0820;
				ORGANIZATIONNAME = "Roman Baglay";
				TargetAttributes = {
					69C89FB11E53009800317983 = {
						CreatedOnToolsVersion = 8.2.1;
						DevelopmentTeam = X3KDNELQ3Z;
						ProvisioningStyle = Automatic;
					};
				};
			};
			buildConfigurationList = 69C89FAD1E53009700317983 /* Build configuration list for PBXProject "ProjectBudget" */;
			compatibilityVersion = "Xcode 3.2";
			developmentRegion = English;
			hasScannedForEncodings = 0;
			knownRegions = (
				en,
				Base,
			);
			mainGroup = 69C89FA91E53009700317983;
			productRefGroup = 69C89FB31E53009800317983 /* Products */;
			projectDirPath = "";
			projectRoot = "";
			targets = (
				69C89FB11E53009800317983 /* ProjectBudget */,
			);
		};
/* End PBXProject section */

/* Begin PBXResourcesBuildPhase section */
		69C89FB01E53009800317983 /* Resources */ = {
			isa = PBXResourcesBuildPhase;
			buildActionMask = 2147483647;
			files = (
				69C89FC81E53009800317983 /* LaunchScreen.storyboard in Resources */,
				69C89FC51E53009800317983 /* Assets.xcassets in Resources */,
				69213ABB1E73449700FE61B0 /* row-reorder.png in Resources */,
				69C89FC01E53009800317983 /* Main.storyboard in Resources */,
			);
			runOnlyForDeploymentPostprocessing = 0;
		};
/* End PBXResourcesBuildPhase section */

/* Begin PBXShellScriptBuildPhase section */
		6C5A842AF2BDE7AD9DA096B6 /* [CP] Copy Pods Resources */ = {
			isa = PBXShellScriptBuildPhase;
			buildActionMask = 2147483647;
			files = (
			);
			inputPaths = (
			);
			name = "[CP] Copy Pods Resources";
			outputPaths = (
			);
			runOnlyForDeploymentPostprocessing = 0;
			shellPath = /bin/sh;
			shellScript = "\"${SRCROOT}/Pods/Target Support Files/Pods-ProjectBudget/Pods-ProjectBudget-resources.sh\"\n";
			showEnvVarsInLog = 0;
		};
		BC0363A8ED299ECAC18816AE /* [CP] Check Pods Manifest.lock */ = {
			isa = PBXShellScriptBuildPhase;
			buildActionMask = 2147483647;
			files = (
			);
			inputPaths = (
			);
			name = "[CP] Check Pods Manifest.lock";
			outputPaths = (
			);
			runOnlyForDeploymentPostprocessing = 0;
			shellPath = /bin/sh;
			shellScript = "diff \"${PODS_ROOT}/../Podfile.lock\" \"${PODS_ROOT}/Manifest.lock\" > /dev/null\nif [[ $? != 0 ]] ; then\n    cat << EOM\nerror: The sandbox is not in sync with the Podfile.lock. Run 'pod install' or update your CocoaPods installation.\nEOM\n    exit 1\nfi\n";
			showEnvVarsInLog = 0;
		};
		C71198E3A089730AFE946148 /* [CP] Embed Pods Frameworks */ = {
			isa = PBXShellScriptBuildPhase;
			buildActionMask = 2147483647;
			files = (
			);
			inputPaths = (
			);
			name = "[CP] Embed Pods Frameworks";
			outputPaths = (
			);
			runOnlyForDeploymentPostprocessing = 0;
			shellPath = /bin/sh;
			shellScript = "\"${SRCROOT}/Pods/Target Support Files/Pods-ProjectBudget/Pods-ProjectBudget-frameworks.sh\"\n";
			showEnvVarsInLog = 0;
		};
/* End PBXShellScriptBuildPhase section */

/* Begin PBXSourcesBuildPhase section */
		69C89FAE1E53009800317983 /* Sources */ = {
			isa = PBXSourcesBuildPhase;
			buildActionMask = 2147483647;
			files = (
				691E30C91E6F4995006CC2E7 /* ProjectViewController.m in Sources */,
				69C89FC31E53009800317983 /* ProjectBudget.xcdatamodeld in Sources */,
				691E30CC1E6F49C7006CC2E7 /* ProjectCell.m in Sources */,
				69C89FD81E5355E700317983 /* startViewController.m in Sources */,
				69C89FBA1E53009800317983 /* AppDelegate.m in Sources */,
				69573A171E6D6FDF00235637 /* ProjectInfo.m in Sources */,
				69573A231E6D9F7200235637 /* Projects+CoreDataProperties.m in Sources */,
				69C89FB71E53009800317983 /* main.m in Sources */,
				6929CCCF1E5891FB0073ED11 /* ProfileViewController.m in Sources */,
			);
			runOnlyForDeploymentPostprocessing = 0;
		};
/* End PBXSourcesBuildPhase section */

/* Begin PBXVariantGroup section */
		69C89FBE1E53009800317983 /* Main.storyboard */ = {
			isa = PBXVariantGroup;
			children = (
				69C89FBF1E53009800317983 /* Base */,
			);
			name = Main.storyboard;
			sourceTree = "<group>";
		};
		69C89FC61E53009800317983 /* LaunchScreen.storyboard */ = {
			isa = PBXVariantGroup;
			children = (
				69C89FC71E53009800317983 /* Base */,
			);
			name = LaunchScreen.storyboard;
			sourceTree = "<group>";
		};
/* End PBXVariantGroup section */

/* Begin XCBuildConfiguration section */
		69C89FCA1E53009800317983 /* Debug */ = {
			isa = XCBuildConfiguration;
			buildSettings = {
				ALWAYS_SEARCH_USER_PATHS = NO;
				CLANG_ANALYZER_NONNULL = YES;
				CLANG_CXX_LANGUAGE_STANDARD = "gnu++0x";
				CLANG_CXX_LIBRARY = "libc++";
				CLANG_ENABLE_MODULES = YES;
				CLANG_ENABLE_OBJC_ARC = YES;
				CLANG_WARN_BOOL_CONVERSION = YES;
				CLANG_WARN_CONSTANT_CONVERSION = YES;
				CLANG_WARN_DIRECT_OBJC_ISA_USAGE = YES_ERROR;
				CLANG_WARN_DOCUMENTATION_COMMENTS = YES;
				CLANG_WARN_EMPTY_BODY = YES;
				CLANG_WARN_ENUM_CONVERSION = YES;
				CLANG_WARN_INFINITE_RECURSION = YES;
				CLANG_WARN_INT_CONVERSION = YES;
				CLANG_WARN_OBJC_ROOT_CLASS = YES_ERROR;
				CLANG_WARN_SUSPICIOUS_MOVE = YES;
				CLANG_WARN_UNREACHABLE_CODE = YES;
				CLANG_WARN__DUPLICATE_METHOD_MATCH = YES;
				"CODE_SIGN_IDENTITY[sdk=iphoneos*]" = "iPhone Developer";
				COPY_PHASE_STRIP = NO;
				DEBUG_INFORMATION_FORMAT = dwarf;
				ENABLE_STRICT_OBJC_MSGSEND = YES;
				ENABLE_TESTABILITY = YES;
				GCC_C_LANGUAGE_STANDARD = gnu99;
				GCC_DYNAMIC_NO_PIC = NO;
				GCC_NO_COMMON_BLOCKS = NO;
				GCC_OPTIMIZATION_LEVEL = 0;
				GCC_PREPROCESSOR_DEFINITIONS = (
					"DEBUG=1",
					"$(inherited)",
				);
				GCC_WARN_64_TO_32_BIT_CONVERSION = YES;
				GCC_WARN_ABOUT_RETURN_TYPE = YES_ERROR;
				GCC_WARN_UNDECLARED_SELECTOR = YES;
				GCC_WARN_UNINITIALIZED_AUTOS = YES_AGGRESSIVE;
				GCC_WARN_UNUSED_FUNCTION = YES;
				GCC_WARN_UNUSED_VARIABLE = YES;
				IPHONEOS_DEPLOYMENT_TARGET = 10.2;
				MTL_ENABLE_DEBUG_INFO = YES;
				ONLY_ACTIVE_ARCH = YES;
				SDKROOT = iphoneos;
				TARGETED_DEVICE_FAMILY = "1,2";
			};
			name = Debug;
		};
		69C89FCB1E53009800317983 /* Release */ = {
			isa = XCBuildConfiguration;
			buildSettings = {
				ALWAYS_SEARCH_USER_PATHS = NO;
				CLANG_ANALYZER_NONNULL = YES;
				CLANG_CXX_LANGUAGE_STANDARD = "gnu++0x";
				CLANG_CXX_LIBRARY = "libc++";
				CLANG_ENABLE_MODULES = YES;
				CLANG_ENABLE_OBJC_ARC = YES;
				CLANG_WARN_BOOL_CONVERSION = YES;
				CLANG_WARN_CONSTANT_CONVERSION = YES;
				CLANG_WARN_DIRECT_OBJC_ISA_USAGE = YES_ERROR;
				CLANG_WARN_DOCUMENTATION_COMMENTS = YES;
				CLANG_WARN_EMPTY_BODY = YES;
				CLANG_WARN_ENUM_CONVERSION = YES;
				CLANG_WARN_INFINITE_RECURSION = YES;
				CLANG_WARN_INT_CONVERSION = YES;
				CLANG_WARN_OBJC_ROOT_CLASS = YES_ERROR;
				CLANG_WARN_SUSPICIOUS_MOVE = YES;
				CLANG_WARN_UNREACHABLE_CODE = YES;
				CLANG_WARN__DUPLICATE_METHOD_MATCH = YES;
				"CODE_SIGN_IDENTITY[sdk=iphoneos*]" = "iPhone Developer";
				COPY_PHASE_STRIP = NO;
				DEBUG_INFORMATION_FORMAT = "dwarf-with-dsym";
				ENABLE_NS_ASSERTIONS = NO;
				ENABLE_STRICT_OBJC_MSGSEND = YES;
				GCC_C_LANGUAGE_STANDARD = gnu99;
				GCC_NO_COMMON_BLOCKS = NO;
				GCC_WARN_64_TO_32_BIT_CONVERSION = YES;
				GCC_WARN_ABOUT_RETURN_TYPE = YES_ERROR;
				GCC_WARN_UNDECLARED_SELECTOR = YES;
				GCC_WARN_UNINITIALIZED_AUTOS = YES_AGGRESSIVE;
				GCC_WARN_UNUSED_FUNCTION = YES;
				GCC_WARN_UNUSED_VARIABLE = YES;
				IPHONEOS_DEPLOYMENT_TARGET = 10.2;
				MTL_ENABLE_DEBUG_INFO = NO;
				SDKROOT = iphoneos;
				TARGETED_DEVICE_FAMILY = "1,2";
				VALIDATE_PRODUCT = YES;
			};
			name = Release;
		};
		69C89FCD1E53009800317983 /* Debug */ = {
			isa = XCBuildConfiguration;
			baseConfigurationReference = 2DA8FFB9A39125F3D121B40C /* Pods-ProjectBudget.debug.xcconfig */;
			buildSettings = {
				ASSETCATALOG_COMPILER_APPICON_NAME = AppIcon;
				CLANG_WARN_INFINITE_RECURSION = NO;
				CLANG_WARN_SUSPICIOUS_MOVE = NO;
				DEVELOPMENT_TEAM = X3KDNELQ3Z;
				GCC_NO_COMMON_BLOCKS = YES;
				INFOPLIST_FILE = ProjectBudget/Info.plist;
				LD_RUNPATH_SEARCH_PATHS = "$(inherited) @executable_path/Frameworks";
				OTHER_LDFLAGS = (
					"$(inherited)",
					"-l\"AFNetworking\"",
					"-l\"Lock\"",
					"-l\"Masonry\"",
					"-framework",
					"\"CoreGraphics\"",
					"-framework",
					"\"Foundation\"",
					"-framework",
					"\"MobileCoreServices\"",
					"-framework",
					"\"Security\"",
					"-framework",
					"\"SystemConfiguration\"",
					"-framework",
					"\"UIKit\"",
					"-framework",
					"\"WebKit\"",
				);
				PRODUCT_BUNDLE_IDENTIFIER = "Roman-Baglay.ProjectBudget";
				PRODUCT_NAME = "$(TARGET_NAME)";
			};
			name = Debug;
		};
		69C89FCE1E53009800317983 /* Release */ = {
			isa = XCBuildConfiguration;
			baseConfigurationReference = 664AAE7C023BB5FEE29FAFCD /* Pods-ProjectBudget.release.xcconfig */;
			buildSettings = {
				ASSETCATALOG_COMPILER_APPICON_NAME = AppIcon;
				CLANG_WARN_INFINITE_RECURSION = NO;
				CLANG_WARN_SUSPICIOUS_MOVE = NO;
				DEVELOPMENT_TEAM = X3KDNELQ3Z;
				GCC_NO_COMMON_BLOCKS = YES;
				INFOPLIST_FILE = ProjectBudget/Info.plist;
				LD_RUNPATH_SEARCH_PATHS = "$(inherited) @executable_path/Frameworks";
				OTHER_LDFLAGS = (
					"$(inherited)",
					"-l\"AFNetworking\"",
					"-l\"Lock\"",
					"-l\"Masonry\"",
					"-framework",
					"\"CoreGraphics\"",
					"-framework",
					"\"Foundation\"",
					"-framework",
					"\"MobileCoreServices\"",
					"-framework",
					"\"Security\"",
					"-framework",
					"\"SystemConfiguration\"",
					"-framework",
					"\"UIKit\"",
					"-framework",
					"\"WebKit\"",
				);
				PRODUCT_BUNDLE_IDENTIFIER = "Roman-Baglay.ProjectBudget";
				PRODUCT_NAME = "$(TARGET_NAME)";
			};
			name = Release;
		};
/* End XCBuildConfiguration section */

/* Begin XCConfigurationList section */
		69C89FAD1E53009700317983 /* Build configuration list for PBXProject "ProjectBudget" */ = {
			isa = XCConfigurationList;
			buildConfigurations = (
				69C89FCA1E53009800317983 /* Debug */,
				69C89FCB1E53009800317983 /* Release */,
			);
			defaultConfigurationIsVisible = 0;
			defaultConfigurationName = Release;
		};
		69C89FCC1E53009800317983 /* Build configuration list for PBXNativeTarget "ProjectBudget" */ = {
			isa = XCConfigurationList;
			buildConfigurations = (
				69C89FCD1E53009800317983 /* Debug */,
				69C89FCE1E53009800317983 /* Release */,
			);
			defaultConfigurationIsVisible = 0;
			defaultConfigurationName = Release;
		};
/* End XCConfigurationList section */

/* Begin XCVersionGroup section */
		69C89FC11E53009800317983 /* ProjectBudget.xcdatamodeld */ = {
			isa = XCVersionGroup;
			children = (
				69C89FC21E53009800317983 /* ProjectBudget.xcdatamodel */,
			);
			currentVersion = 69C89FC21E53009800317983 /* ProjectBudget.xcdatamodel */;
			path = ProjectBudget.xcdatamodeld;
			sourceTree = "<group>";
			versionGroupType = wrapper.xcdatamodel;
		};
/* End XCVersionGroup section */
	};
	rootObject = 69C89FAA1E53009700317983 /* Project object */;
}
